// !$*UTF8*$!
{
	archiveVersion = 1;
	classes = {
	};
	objectVersion = 46;
	objects = {

/* Begin PBXBuildFile section */
		BF1BDD091F328E11003DA27D /* Minecraft.ttf in Resources */ = {isa = PBXBuildFile; fileRef = BF1BDD081F328E11003DA27D /* Minecraft.ttf */; };
		BF1BDD0B1F32903C003DA27D /* btn.wav in Resources */ = {isa = PBXBuildFile; fileRef = BF1BDD0A1F32903C003DA27D /* btn.wav */; };
		BFD78AD51F2BC3E200F5AE67 /* AppDelegate.swift in Sources */ = {isa = PBXBuildFile; fileRef = BFD78AD41F2BC3E200F5AE67 /* AppDelegate.swift */; };
		BFD78AD71F2BC3E200F5AE67 /* ViewController.swift in Sources */ = {isa = PBXBuildFile; fileRef = BFD78AD61F2BC3E200F5AE67 /* ViewController.swift */; };
		BFD78ADA1F2BC3E200F5AE67 /* Main.storyboard in Resources */ = {isa = PBXBuildFile; fileRef = BFD78AD81F2BC3E200F5AE67 /* Main.storyboard */; };
		BFD78ADC1F2BC3E200F5AE67 /* Assets.xcassets in Resources */ = {isa = PBXBuildFile; fileRef = BFD78ADB1F2BC3E200F5AE67 /* Assets.xcassets */; };
		BFD78ADF1F2BC3E200F5AE67 /* LaunchScreen.storyboard in Resources */ = {isa = PBXBuildFile; fileRef = BFD78ADD1F2BC3E200F5AE67 /* LaunchScreen.storyboard */; };
/* End PBXBuildFile section */

/* Begin PBXFileReference section */
		BF1BDD081F328E11003DA27D /* Minecraft.ttf */ = {isa = PBXFileReference; lastKnownFileType = file; path = Minecraft.ttf; sourceTree = "<group>"; };
		BF1BDD0A1F32903C003DA27D /* btn.wav */ = {isa = PBXFileReference; lastKnownFileType = audio.wav; path = btn.wav; sourceTree = "<group>"; };
		BFD78AD11F2BC3E200F5AE67 /* Retro Canculator.app */ = {isa = PBXFileReference; explicitFileType = wrapper.application; includeInIndex = 0; path = "Retro Canculator.app"; sourceTree = BUILT_PRODUCTS_DIR; };
		BFD78AD41F2BC3E200F5AE67 /* AppDelegate.swift */ = {isa = PBXFileReference; lastKnownFileType = sourcecode.swift; path = AppDelegate.swift; sourceTree = "<group>"; };
		BFD78AD61F2BC3E200F5AE67 /* ViewController.swift */ = {isa = PBXFileReference; lastKnownFileType = sourcecode.swift; path = ViewController.swift; sourceTree = "<group>"; };
		BFD78AD91F2BC3E200F5AE67 /* Base */ = {isa = PBXFileReference; lastKnownFileType = file.storyboard; name = Base; path = Base.lproj/Main.storyboard; sourceTree = "<group>"; };
		BFD78ADB1F2BC3E200F5AE67 /* Assets.xcassets */ = {isa = PBXFileReference; lastKnownFileType = folder.assetcatalog; path = Assets.xcassets; sourceTree = "<group>"; };
		BFD78ADE1F2BC3E200F5AE67 /* Base */ = {isa = PBXFileReference; lastKnownFileType = file.storyboard; name = Base; path = Base.lproj/LaunchScreen.storyboard; sourceTree = "<group>"; };
		BFD78AE01F2BC3E200F5AE67 /* Info.plist */ = {isa = PBXFileReference; lastKnownFileType = text.plist.xml; path = Info.plist; sourceTree = "<group>"; };
/* End PBXFileReference section */

/* Begin PBXFrameworksBuildPhase section */
		BFD78ACE1F2BC3E200F5AE67 /* Frameworks */ = {
			isa = PBXFrameworksBuildPhase;
			buildActionMask = 2147483647;
			files = (
			);
			runOnlyForDeploymentPostprocessing = 0;
		};
/* End PBXFrameworksBuildPhase section */

/* Begin PBXGroup section */
		BFD78AC81F2BC3E200F5AE67 = {
			isa = PBXGroup;
			children = (
				BFD78AD31F2BC3E200F5AE67 /* Retro Canculator */,
				BFD78AD21F2BC3E200F5AE67 /* Products */,
			);
			sourceTree = "<group>";
		};
		BFD78AD21F2BC3E200F5AE67 /* Products */ = {
			isa = PBXGroup;
			children = (
				BFD78AD11F2BC3E200F5AE67 /* Retro Canculator.app */,
			);
			name = Products;
			sourceTree = "<group>";
		};
		BFD78AD31F2BC3E200F5AE67 /* Retro Canculator */ = {
			isa = PBXGroup;
			children = (
				BF1BDD0A1F32903C003DA27D /* btn.wav */,
				BF1BDD081F328E11003DA27D /* Minecraft.ttf */,
				BFD78AD41F2BC3E200F5AE67 /* AppDelegate.swift */,
				BFD78AD61F2BC3E200F5AE67 /* ViewController.swift */,
				BFD78AD81F2BC3E200F5AE67 /* Main.storyboard */,
				BFD78ADB1F2BC3E200F5AE67 /* Assets.xcassets */,
				BFD78ADD1F2BC3E200F5AE67 /* LaunchScreen.storyboard */,
				BFD78AE01F2BC3E200F5AE67 /* Info.plist */,
			);
			path = "Retro Canculator";
			sourceTree = "<group>";
		};
/* End PBXGroup section */

/* Begin PBXNativeTarget section */
		BFD78AD01F2BC3E200F5AE67 /* Retro Canculator */ = {
			isa = PBXNativeTarget;
			buildConfigurationList = BFD78AE31F2BC3E200F5AE67 /* Build configuration list for PBXNativeTarget "Retro Canculator" */;
			buildPhases = (
				BFD78ACD1F2BC3E200F5AE67 /* Sources */,
				BFD78ACE1F2BC3E200F5AE67 /* Frameworks */,
				BFD78ACF1F2BC3E200F5AE67 /* Resources */,
			);
			buildRules = (
			);
			dependencies = (
			);
			name = "Retro Canculator";
			productName = "Retro Canculator";
			productReference = BFD78AD11F2BC3E200F5AE67 /* Retro Canculator.app */;
			productType = "com.apple.product-type.application";
		};
/* End PBXNativeTarget section */

/* Begin PBXProject section */
		BFD78AC91F2BC3E200F5AE67 /* Project object */ = {
			isa = PBXProject;
			attributes = {
				LastSwiftUpdateCheck = 0820;
				LastUpgradeCheck = 0820;
				ORGANIZATIONNAME = DmitryRTV;
				TargetAttributes = {
					BFD78AD01F2BC3E200F5AE67 = {
						CreatedOnToolsVersion = 8.2.1;
						DevelopmentTeam = 53SC4HX862;
						ProvisioningStyle = Automatic;
					};
				};
			};
			buildConfigurationList = BFD78ACC1F2BC3E200F5AE67 /* Build configuration list for PBXProject "Retro Canculator" */;
			compatibilityVersion = "Xcode 3.2";
			developmentRegion = English;
			hasScannedForEncodings = 0;
			knownRegions = (
				en,
				Base,
			);
			mainGroup = BFD78AC81F2BC3E200F5AE67;
			productRefGroup = BFD78AD21F2BC3E200F5AE67 /* Products */;
			projectDirPath = "";
			projectRoot = "";
			targets = (
				BFD78AD01F2BC3E200F5AE67 /* Retro Canculator */,
			);
		};
/* End PBXProject section */

/* Begin PBXResourcesBuildPhase section */
		BFD78ACF1F2BC3E200F5AE67 /* Resources */ = {
			isa = PBXResourcesBuildPhase;
			buildActionMask = 2147483647;
			files = (
				BF1BDD0B1F32903C003DA27D /* btn.wav in Resources */,
				BFD78ADF1F2BC3E200F5AE67 /* LaunchScreen.storyboard in Resources */,
				BFD78ADC1F2BC3E200F5AE67 /* Assets.xcassets in Resources */,
				BF1BDD091F328E11003DA27D /* Minecraft.ttf in Resources */,
				BFD78ADA1F2BC3E200F5AE67 /* Main.storyboard in Resources */,
			);
			runOnlyForDeploymentPostprocessing = 0;
		};
/* End PBXResourcesBuildPhase section */

/* Begin PBXSourcesBuildPhase section */
		BFD78ACD1F2BC3E200F5AE67 /* Sources */ = {
			isa = PBXSourcesBuildPhase;
			buildActionMask = 2147483647;
			files = (
				BFD78AD71F2BC3E200F5AE67 /* ViewController.swift in Sources */,
				BFD78AD51F2BC3E200F5AE67 /* AppDelegate.swift in Sources */,
			);
			runOnlyForDeploymentPostprocessing = 0;
		};
/* End PBXSourcesBuildPhase section */

/* Begin PBXVariantGroup section */
		BFD78AD81F2BC3E200F5AE67 /* Main.storyboard */ = {
			isa = PBXVariantGroup;
			children = (
				BFD78AD91F2BC3E200F5AE67 /* Base */,
			);
			name = Main.storyboard;
			sourceTree = "<group>";
		};
		BFD78ADD1F2BC3E200F5AE67 /* LaunchScreen.storyboard */ = {
			isa = PBXVariantGroup;
			children = (
				BFD78ADE1F2BC3E200F5AE67 /* Base */,
			);
			name = LaunchScreen.storyboard;
			sourceTree = "<group>";
		};
/* End PBXVariantGroup section */

/* Begin XCBuildConfiguration section */
		BFD78AE11F2BC3E200F5AE67 /* Debug */ = {
			isa = XCBuildConfiguration;
			buildSettings = {
				ALWAYS_SEARCH_USER_PATHS = NO;
				CLANG_ANALYZER_NONNULL = YES;
				CLANG_CXX_LANGUAGE_STANDARD = "gnu++0x";
				CLANG_CXX_LIBRARY = "libc++";
				CLANG_ENABLE_MODULES = YES;
				CLANG_ENABLE_OBJC_ARC = YES;
				CLANG_WARN_BOOL_CONVERSION = YES;
				CLANG_WARN_CONSTANT_CONVERSION = YES;
				CLANG_WARN_DIRECT_OBJC_ISA_USAGE = YES_ERROR;
				CLANG_WARN_DOCUMENTATION_COMMENTS = YES;
				CLANG_WARN_EMPTY_BODY = YES;
				CLANG_WARN_ENUM_CONVERSION = YES;
				CLANG_WARN_INFINITE_RECURSION = YES;
				CLANG_WARN_INT_CONVERSION = YES;
				CLANG_WARN_OBJC_ROOT_CLASS = YES_ERROR;
				CLANG_WARN_SUSPICIOUS_MOVE = YES;
				CLANG_WARN_UNREACHABLE_CODE = YES;
				CLANG_WARN__DUPLICATE_METHOD_MATCH = YES;
				"CODE_SIGN_IDENTITY[sdk=iphoneos*]" = "iPhone Developer";
				COPY_PHASE_STRIP = NO;
				DEBUG_INFORMATION_FORMAT = dwarf;
				ENABLE_STRICT_OBJC_MSGSEND = YES;
				ENABLE_TESTABILITY = YES;
				GCC_C_LANGUAGE_STANDARD = gnu99;
				GCC_DYNAMIC_NO_PIC = NO;
				GCC_NO_COMMON_BLOCKS = YES;
				GCC_OPTIMIZATION_LEVEL = 0;
				GCC_PREPROCESSOR_DEFINITIONS = (
					"DEBUG=1",
					"$(inherited)",
				);
				GCC_WARN_64_TO_32_BIT_CONVERSION = YES;
				GCC_WARN_ABOUT_RETURN_TYPE = YES_ERROR;
				GCC_WARN_UNDECLARED_SELECTOR = YES;
				GCC_WARN_UNINITIALIZED_AUTOS = YES_AGGRESSIVE;
				GCC_WARN_UNUSED_FUNCTION = YES;
				GCC_WARN_UNUSED_VARIABLE = YES;
				IPHONEOS_DEPLOYMENT_TARGET = 10.2;
				MTL_ENABLE_DEBUG_INFO = YES;
				ONLY_ACTIVE_ARCH = YES;
				SDKROOT = iphoneos;
				SWIFT_ACTIVE_COMPILATION_CONDITIONS = DEBUG;
				SWIFT_OPTIMIZATION_LEVEL = "-Onone";
				TARGETED_DEVICE_FAMILY = "1,2";
			};
			name = Debug;
		};
		BFD78AE21F2BC3E200F5AE67 /* Release */ = {
			isa = XCBuildConfiguration;
			buildSettings = {
				ALWAYS_SEARCH_USER_PATHS = NO;
				CLANG_ANALYZER_NONNULL = YES;
				CLANG_CXX_LANGUAGE_STANDARD = "gnu++0x";
				CLANG_CXX_LIBRARY = "libc++";
				CLANG_ENABLE_MODULES = YES;
				CLANG_ENABLE_OBJC_ARC = YES;
				CLANG_WARN_BOOL_CONVERSION = YES;
				CLANG_WARN_CONSTANT_CONVERSION = YES;
				CLANG_WARN_DIRECT_OBJC_ISA_USAGE = YES_ERROR;
				CLANG_WARN_DOCUMENTATION_COMMENTS = YES;
				CLANG_WARN_EMPTY_BODY = YES;
				CLANG_WARN_ENUM_CONVERSION = YES;
				CLANG_WARN_INFINITE_RECURSION = YES;
				CLANG_WARN_INT_CONVERSION = YES;
				CLANG_WARN_OBJC_ROOT_CLASS = YES_ERROR;
				CLANG_WARN_SUSPICIOUS_MOVE = YES;
				CLANG_WARN_UNREACHABLE_CODE = YES;
				CLANG_WARN__DUPLICATE_METHOD_MATCH = YES;
				"CODE_SIGN_IDENTITY[sdk=iphoneos*]" = "iPhone Developer";
				COPY_PHASE_STRIP = NO;
				DEBUG_INFORMATION_FORMAT = "dwarf-with-dsym";
				ENABLE_NS_ASSERTIONS = NO;
				ENABLE_STRICT_OBJC_MSGSEND = YES;
				GCC_C_LANGUAGE_STANDARD = gnu99;
				GCC_NO_COMMON_BLOCKS = YES;
				GCC_WARN_64_TO_32_BIT_CONVERSION = YES;
				GCC_WARN_ABOUT_RETURN_TYPE = YES_ERROR;
				GCC_WARN_UNDECLARED_SELECTOR = YES;
				GCC_WARN_UNINITIALIZED_AUTOS = YES_AGGRESSIVE;
				GCC_WARN_UNUSED_FUNCTION = YES;
				GCC_WARN_UNUSED_VARIABLE = YES;
				IPHONEOS_DEPLOYMENT_TARGET = 10.2;
				MTL_ENABLE_DEBUG_INFO = NO;
				SDKROOT = iphoneos;
				SWIFT_OPTIMIZATION_LEVEL = "-Owholemodule";
				TARGETED_DEVICE_FAMILY = "1,2";
				VALIDATE_PRODUCT = YES;
			};
			name = Release;
		};
		BFD78AE41F2BC3E200F5AE67 /* Debug */ = {
			isa = XCBuildConfiguration;
			buildSettings = {
				ASSETCATALOG_COMPILER_APPICON_NAME = AppIcon;
				DEVELOPMENT_TEAM = 53SC4HX862;
				INFOPLIST_FILE = "Retro Canculator/Info.plist";
				LD_RUNPATH_SEARCH_PATHS = "$(inherited) @executable_path/Frameworks";
				PRODUCT_BUNDLE_IDENTIFIER = "DmitryRTV.Retro-Canculator";
				PRODUCT_NAME = "$(TARGET_NAME)";
				SWIFT_VERSION = 3.0;
			};
			name = Debug;
		};
		BFD78AE51F2BC3E200F5AE67 /* Release */ = {
			isa = XCBuildConfiguration;
			buildSettings = {
				ASSETCATALOG_COMPILER_APPICON_NAME = AppIcon;
				DEVELOPMENT_TEAM = 53SC4HX862;
				INFOPLIST_FILE = "Retro Canculator/Info.plist";
				LD_RUNPATH_SEARCH_PATHS = "$(inherited) @executable_path/Frameworks";
				PRODUCT_BUNDLE_IDENTIFIER = "DmitryRTV.Retro-Canculator";
				PRODUCT_NAME = "$(TARGET_NAME)";
				SWIFT_VERSION = 3.0;
			};
			name = Release;
		};
/* End XCBuildConfiguration section */

/* Begin XCConfigurationList section */
		BFD78ACC1F2BC3E200F5AE67 /* Build configuration list for PBXProject "Retro Canculator" */ = {
			isa = XCConfigurationList;
			buildConfigurations = (
				BFD78AE11F2BC3E200F5AE67 /* Debug */,
				BFD78AE21F2BC3E200F5AE67 /* Release */,
			);
			defaultConfigurationIsVisible = 0;
			defaultConfigurationName = Release;
		};
		BFD78AE31F2BC3E200F5AE67 /* Build configuration list for PBXNativeTarget "Retro Canculator" */ = {
			isa = XCConfigurationList;
			buildConfigurations = (
				BFD78AE41F2BC3E200F5AE67 /* Debug */,
				BFD78AE51F2BC3E200F5AE67 /* Release */,
			);
			defaultConfigurationIsVisible = 0;
			defaultConfigurationName = Release;
		};
/* End XCConfigurationList section */
	};
	rootObject = BFD78AC91F2BC3E200F5AE67 /* Project object */;
}
